// !$*UTF8*$!
{
	archiveVersion = 1;
	classes = {
	};
	objectVersion = 46;
	objects = {

/* Begin PBXBuildFile section */
		2150F5011B0EFEE200AFDF5E /* ProfileViewController.swift in Sources */ = {isa = PBXBuildFile; fileRef = 2150F5001B0EFEE200AFDF5E /* ProfileViewController.swift */; };
		21577E061B2E875000D4218F /* CurrencyConverter.swift in Sources */ = {isa = PBXBuildFile; fileRef = 21577E051B2E875000D4218F /* CurrencyConverter.swift */; };
		21577E081B2E87DB00D4218F /* CurrencyList.plist in Resources */ = {isa = PBXBuildFile; fileRef = 21577E071B2E87DB00D4218F /* CurrencyList.plist */; };
		21AF14871B05FA0B00108190 /* RestaurantServerAPI.swift in Sources */ = {isa = PBXBuildFile; fileRef = 21AF14861B05FA0B00108190 /* RestaurantServerAPI.swift */; };
		21AF14891B0601C800108190 /* Restaurant.swift in Sources */ = {isa = PBXBuildFile; fileRef = 21AF14881B0601C800108190 /* Restaurant.swift */; };
		21BF4D171B099714001CDBC3 /* RestaurantCache.swift in Sources */ = {isa = PBXBuildFile; fileRef = 21BF4D161B099714001CDBC3 /* RestaurantCache.swift */; };
		21D741281B21A9A9008A8EB5 /* DiscoverView.xib in Resources */ = {isa = PBXBuildFile; fileRef = 21D741271B21A9A9008A8EB5 /* DiscoverView.xib */; };
		21D7412A1B21AA4B008A8EB5 /* DiscoverView.swift in Sources */ = {isa = PBXBuildFile; fileRef = 21D741291B21AA4B008A8EB5 /* DiscoverView.swift */; };
		21D7412C1B21AD36008A8EB5 /* DiscoverViewController.swift in Sources */ = {isa = PBXBuildFile; fileRef = 21D7412B1B21AD36008A8EB5 /* DiscoverViewController.swift */; };
		9616799B1B2C72BA00A43AD3 /* LocationSearchViewController.swift in Sources */ = {isa = PBXBuildFile; fileRef = 9616799A1B2C72BA00A43AD3 /* LocationSearchViewController.swift */; };
		964690861B3308D800DB187D /* TutorialViewController.swift in Sources */ = {isa = PBXBuildFile; fileRef = 964690851B3308D800DB187D /* TutorialViewController.swift */; };
		9646908A1B3392F600DB187D /* PageContentViewController.swift in Sources */ = {isa = PBXBuildFile; fileRef = 964690891B3392F600DB187D /* PageContentViewController.swift */; };
		9656AD9F1AECC62800933A8E /* AppDelegate.swift in Sources */ = {isa = PBXBuildFile; fileRef = 9656AD9E1AECC62800933A8E /* AppDelegate.swift */; };
		9656ADA11AECC62800933A8E /* FirstViewController.swift in Sources */ = {isa = PBXBuildFile; fileRef = 9656ADA01AECC62800933A8E /* FirstViewController.swift */; };
		9656ADA31AECC62800933A8E /* SecondViewController.swift in Sources */ = {isa = PBXBuildFile; fileRef = 9656ADA21AECC62800933A8E /* SecondViewController.swift */; };
		9656ADA61AECC62800933A8E /* Main.storyboard in Resources */ = {isa = PBXBuildFile; fileRef = 9656ADA41AECC62800933A8E /* Main.storyboard */; };
		9656ADA81AECC62800933A8E /* Images.xcassets in Resources */ = {isa = PBXBuildFile; fileRef = 9656ADA71AECC62800933A8E /* Images.xcassets */; };
		9656ADAB1AECC62800933A8E /* LaunchScreen.xib in Resources */ = {isa = PBXBuildFile; fileRef = 9656ADA91AECC62800933A8E /* LaunchScreen.xib */; };
		9656ADB71AECC62900933A8E /* benriTests.swift in Sources */ = {isa = PBXBuildFile; fileRef = 9656ADB61AECC62900933A8E /* benriTests.swift */; };
		967867701B2C9A7F0047C7BB /* SearchCell.swift in Sources */ = {isa = PBXBuildFile; fileRef = 9678676F1B2C9A7F0047C7BB /* SearchCell.swift */; };
		969FB14E1B1AB32300439BDC /* FBSDKLoginKit.framework in Frameworks */ = {isa = PBXBuildFile; fileRef = 969FB14D1B1AB32300439BDC /* FBSDKLoginKit.framework */; };
		969FB1501B1AB35700439BDC /* FBSDKCoreKit.framework in Frameworks */ = {isa = PBXBuildFile; fileRef = 969FB14F1B1AB35700439BDC /* FBSDKCoreKit.framework */; };
		96C24E901B244527006C5806 /* SearchViewController.swift in Sources */ = {isa = PBXBuildFile; fileRef = 96C24E8F1B244527006C5806 /* SearchViewController.swift */; };
		96DA5A0F1AF274670003E506 /* Const.swift in Sources */ = {isa = PBXBuildFile; fileRef = 96DA5A0B1AF274670003E506 /* Const.swift */; };
		96DA5A101AF274670003E506 /* HorizontalPicker.swift in Sources */ = {isa = PBXBuildFile; fileRef = 96DA5A0C1AF274670003E506 /* HorizontalPicker.swift */; };
		96DA5A111AF274670003E506 /* LocationService.swift in Sources */ = {isa = PBXBuildFile; fileRef = 96DA5A0D1AF274670003E506 /* LocationService.swift */; };
		96DA5A121AF274670003E506 /* ImageCache.swift in Sources */ = {isa = PBXBuildFile; fileRef = 96DA5A0E1AF274670003E506 /* ImageCache.swift */; };
		96DA5A151AF284BB0003E506 /* Menu.swift in Sources */ = {isa = PBXBuildFile; fileRef = 96DA5A141AF284BB0003E506 /* Menu.swift */; };
		96DA5A171AF2850E0003E506 /* MenuCell.swift in Sources */ = {isa = PBXBuildFile; fileRef = 96DA5A161AF2850E0003E506 /* MenuCell.swift */; };
		96DA5A1D1AF28AD20003E506 /* MenuServerAPI.swift in Sources */ = {isa = PBXBuildFile; fileRef = 96DA5A1C1AF28AD20003E506 /* MenuServerAPI.swift */; };
		96DA5A1F1AF28AE90003E506 /* TagServerAPI.swift in Sources */ = {isa = PBXBuildFile; fileRef = 96DA5A1E1AF28AE90003E506 /* TagServerAPI.swift */; };
		96E377171B35981100229684 /* Localizable.strings in Resources */ = {isa = PBXBuildFile; fileRef = 96E377191B35981100229684 /* Localizable.strings */; };
		96F0CF791AF136E2004E616D /* CoreLocation.framework in Frameworks */ = {isa = PBXBuildFile; fileRef = 96F0CF781AF136E2004E616D /* CoreLocation.framework */; };
		B60416A3C37CC1146EA0DAC9 /* Pods.framework in Frameworks */ = {isa = PBXBuildFile; fileRef = 988DEB37F68751845480352C /* Pods.framework */; settings = {ATTRIBUTES = (Weak, ); }; };
/* End PBXBuildFile section */

/* Begin PBXContainerItemProxy section */
		9656ADB11AECC62900933A8E /* PBXContainerItemProxy */ = {
			isa = PBXContainerItemProxy;
			containerPortal = 9656AD911AECC62800933A8E /* Project object */;
			proxyType = 1;
			remoteGlobalIDString = 9656AD981AECC62800933A8E;
			remoteInfo = benri;
		};
/* End PBXContainerItemProxy section */

/* Begin PBXFileReference section */
		2150F4FB1B0ED81C00AFDF5E /* Bridging-Header.h */ = {isa = PBXFileReference; lastKnownFileType = sourcecode.c.h; path = "Bridging-Header.h"; sourceTree = "<group>"; };
		2150F5001B0EFEE200AFDF5E /* ProfileViewController.swift */ = {isa = PBXFileReference; fileEncoding = 4; lastKnownFileType = sourcecode.swift; path = ProfileViewController.swift; sourceTree = "<group>"; };
		21577E051B2E875000D4218F /* CurrencyConverter.swift */ = {isa = PBXFileReference; fileEncoding = 4; lastKnownFileType = sourcecode.swift; path = CurrencyConverter.swift; sourceTree = "<group>"; };
		21577E071B2E87DB00D4218F /* CurrencyList.plist */ = {isa = PBXFileReference; fileEncoding = 4; lastKnownFileType = text.plist.xml; path = CurrencyList.plist; sourceTree = "<group>"; };
		21AF14861B05FA0B00108190 /* RestaurantServerAPI.swift */ = {isa = PBXFileReference; fileEncoding = 4; lastKnownFileType = sourcecode.swift; path = RestaurantServerAPI.swift; sourceTree = "<group>"; };
		21AF14881B0601C800108190 /* Restaurant.swift */ = {isa = PBXFileReference; fileEncoding = 4; lastKnownFileType = sourcecode.swift; path = Restaurant.swift; sourceTree = "<group>"; };
		21BF4D161B099714001CDBC3 /* RestaurantCache.swift */ = {isa = PBXFileReference; fileEncoding = 4; lastKnownFileType = sourcecode.swift; path = RestaurantCache.swift; sourceTree = "<group>"; };
		21D741271B21A9A9008A8EB5 /* DiscoverView.xib */ = {isa = PBXFileReference; fileEncoding = 4; lastKnownFileType = file.xib; path = DiscoverView.xib; sourceTree = "<group>"; };
		21D741291B21AA4B008A8EB5 /* DiscoverView.swift */ = {isa = PBXFileReference; fileEncoding = 4; lastKnownFileType = sourcecode.swift; path = DiscoverView.swift; sourceTree = "<group>"; };
		21D7412B1B21AD36008A8EB5 /* DiscoverViewController.swift */ = {isa = PBXFileReference; fileEncoding = 4; lastKnownFileType = sourcecode.swift; path = DiscoverViewController.swift; sourceTree = "<group>"; };
		5BD10A0AA37B5DD5EB928422 /* Pods.release.xcconfig */ = {isa = PBXFileReference; includeInIndex = 1; lastKnownFileType = text.xcconfig; name = Pods.release.xcconfig; path = "Pods/Target Support Files/Pods/Pods.release.xcconfig"; sourceTree = "<group>"; };
		9616799A1B2C72BA00A43AD3 /* LocationSearchViewController.swift */ = {isa = PBXFileReference; fileEncoding = 4; lastKnownFileType = sourcecode.swift; path = LocationSearchViewController.swift; sourceTree = "<group>"; };
		964690851B3308D800DB187D /* TutorialViewController.swift */ = {isa = PBXFileReference; fileEncoding = 4; lastKnownFileType = sourcecode.swift; path = TutorialViewController.swift; sourceTree = "<group>"; };
		964690891B3392F600DB187D /* PageContentViewController.swift */ = {isa = PBXFileReference; fileEncoding = 4; lastKnownFileType = sourcecode.swift; path = PageContentViewController.swift; sourceTree = "<group>"; };
		9656AD991AECC62800933A8E /* adam.app */ = {isa = PBXFileReference; explicitFileType = wrapper.application; includeInIndex = 0; path = adam.app; sourceTree = BUILT_PRODUCTS_DIR; };
		9656AD9D1AECC62800933A8E /* Info.plist */ = {isa = PBXFileReference; lastKnownFileType = text.plist.xml; path = Info.plist; sourceTree = "<group>"; };
		9656AD9E1AECC62800933A8E /* AppDelegate.swift */ = {isa = PBXFileReference; lastKnownFileType = sourcecode.swift; path = AppDelegate.swift; sourceTree = "<group>"; };
		9656ADA01AECC62800933A8E /* FirstViewController.swift */ = {isa = PBXFileReference; fileEncoding = 4; lastKnownFileType = sourcecode.swift; path = FirstViewController.swift; sourceTree = "<group>"; };
		9656ADA21AECC62800933A8E /* SecondViewController.swift */ = {isa = PBXFileReference; lastKnownFileType = sourcecode.swift; path = SecondViewController.swift; sourceTree = "<group>"; };
		9656ADA51AECC62800933A8E /* Base */ = {isa = PBXFileReference; lastKnownFileType = file.storyboard; name = Base; path = Base.lproj/Main.storyboard; sourceTree = "<group>"; };
		9656ADA71AECC62800933A8E /* Images.xcassets */ = {isa = PBXFileReference; lastKnownFileType = folder.assetcatalog; path = Images.xcassets; sourceTree = "<group>"; };
		9656ADAA1AECC62800933A8E /* Base */ = {isa = PBXFileReference; lastKnownFileType = file.xib; name = Base; path = Base.lproj/LaunchScreen.xib; sourceTree = "<group>"; };
		9656ADB01AECC62900933A8E /* adamTests.xctest */ = {isa = PBXFileReference; explicitFileType = wrapper.cfbundle; includeInIndex = 0; path = adamTests.xctest; sourceTree = BUILT_PRODUCTS_DIR; };
		9656ADB51AECC62900933A8E /* Info.plist */ = {isa = PBXFileReference; lastKnownFileType = text.plist.xml; path = Info.plist; sourceTree = "<group>"; };
		9656ADB61AECC62900933A8E /* benriTests.swift */ = {isa = PBXFileReference; lastKnownFileType = sourcecode.swift; path = benriTests.swift; sourceTree = "<group>"; };
		9678676F1B2C9A7F0047C7BB /* SearchCell.swift */ = {isa = PBXFileReference; fileEncoding = 4; lastKnownFileType = sourcecode.swift; path = SearchCell.swift; sourceTree = "<group>"; };
		969FB14D1B1AB32300439BDC /* FBSDKLoginKit.framework */ = {isa = PBXFileReference; lastKnownFileType = wrapper.framework; path = FBSDKLoginKit.framework; sourceTree = "<group>"; };
		969FB14F1B1AB35700439BDC /* FBSDKCoreKit.framework */ = {isa = PBXFileReference; lastKnownFileType = wrapper.framework; path = FBSDKCoreKit.framework; sourceTree = "<group>"; };
		96C24E8F1B244527006C5806 /* SearchViewController.swift */ = {isa = PBXFileReference; fileEncoding = 4; lastKnownFileType = sourcecode.swift; path = SearchViewController.swift; sourceTree = "<group>"; };
		96DA5A0B1AF274670003E506 /* Const.swift */ = {isa = PBXFileReference; fileEncoding = 4; lastKnownFileType = sourcecode.swift; path = Const.swift; sourceTree = "<group>"; };
		96DA5A0C1AF274670003E506 /* HorizontalPicker.swift */ = {isa = PBXFileReference; fileEncoding = 4; lastKnownFileType = sourcecode.swift; path = HorizontalPicker.swift; sourceTree = "<group>"; };
		96DA5A0D1AF274670003E506 /* LocationService.swift */ = {isa = PBXFileReference; fileEncoding = 4; lastKnownFileType = sourcecode.swift; path = LocationService.swift; sourceTree = "<group>"; };
		96DA5A0E1AF274670003E506 /* ImageCache.swift */ = {isa = PBXFileReference; fileEncoding = 4; lastKnownFileType = sourcecode.swift; path = ImageCache.swift; sourceTree = "<group>"; };
		96DA5A141AF284BB0003E506 /* Menu.swift */ = {isa = PBXFileReference; fileEncoding = 4; lastKnownFileType = sourcecode.swift; path = Menu.swift; sourceTree = "<group>"; };
		96DA5A161AF2850E0003E506 /* MenuCell.swift */ = {isa = PBXFileReference; fileEncoding = 4; lastKnownFileType = sourcecode.swift; path = MenuCell.swift; sourceTree = "<group>"; };
		96DA5A1C1AF28AD20003E506 /* MenuServerAPI.swift */ = {isa = PBXFileReference; fileEncoding = 4; lastKnownFileType = sourcecode.swift; path = MenuServerAPI.swift; sourceTree = "<group>"; };
		96DA5A1E1AF28AE90003E506 /* TagServerAPI.swift */ = {isa = PBXFileReference; fileEncoding = 4; lastKnownFileType = sourcecode.swift; path = TagServerAPI.swift; sourceTree = "<group>"; };
		96E377111B3597DA00229684 /* en */ = {isa = PBXFileReference; lastKnownFileType = text.plist.strings; name = en; path = en.lproj/Main.strings; sourceTree = "<group>"; };
		96E377121B3597DA00229684 /* en */ = {isa = PBXFileReference; lastKnownFileType = text.plist.strings; name = en; path = en.lproj/LaunchScreen.strings; sourceTree = "<group>"; };
		96E377131B3597E300229684 /* ja */ = {isa = PBXFileReference; lastKnownFileType = text.plist.strings; name = ja; path = ja.lproj/Main.strings; sourceTree = "<group>"; };
		96E377141B3597E300229684 /* ja */ = {isa = PBXFileReference; lastKnownFileType = text.plist.strings; name = ja; path = ja.lproj/LaunchScreen.strings; sourceTree = "<group>"; };
		96E377181B35981100229684 /* en */ = {isa = PBXFileReference; lastKnownFileType = text.plist.strings; name = en; path = en.lproj/Localizable.strings; sourceTree = "<group>"; };
		96E3771A1B35981500229684 /* ja */ = {isa = PBXFileReference; lastKnownFileType = text.plist.strings; name = ja; path = ja.lproj/Localizable.strings; sourceTree = "<group>"; };
		96F0CF781AF136E2004E616D /* CoreLocation.framework */ = {isa = PBXFileReference; lastKnownFileType = wrapper.framework; name = CoreLocation.framework; path = System/Library/Frameworks/CoreLocation.framework; sourceTree = SDKROOT; };
		988DEB37F68751845480352C /* Pods.framework */ = {isa = PBXFileReference; explicitFileType = wrapper.framework; includeInIndex = 0; path = Pods.framework; sourceTree = BUILT_PRODUCTS_DIR; };
		D653A08C2BE7A9497AF35975 /* Pods.debug.xcconfig */ = {isa = PBXFileReference; includeInIndex = 1; lastKnownFileType = text.xcconfig; name = Pods.debug.xcconfig; path = "Pods/Target Support Files/Pods/Pods.debug.xcconfig"; sourceTree = "<group>"; };
/* End PBXFileReference section */

/* Begin PBXFrameworksBuildPhase section */
		9656AD961AECC62800933A8E /* Frameworks */ = {
			isa = PBXFrameworksBuildPhase;
			buildActionMask = 2147483647;
			files = (
				96F0CF791AF136E2004E616D /* CoreLocation.framework in Frameworks */,
				969FB1501B1AB35700439BDC /* FBSDKCoreKit.framework in Frameworks */,
				969FB14E1B1AB32300439BDC /* FBSDKLoginKit.framework in Frameworks */,
				B60416A3C37CC1146EA0DAC9 /* Pods.framework in Frameworks */,
			);
			runOnlyForDeploymentPostprocessing = 0;
		};
		9656ADAD1AECC62900933A8E /* Frameworks */ = {
			isa = PBXFrameworksBuildPhase;
			buildActionMask = 2147483647;
			files = (
			);
			runOnlyForDeploymentPostprocessing = 0;
		};
/* End PBXFrameworksBuildPhase section */

/* Begin PBXGroup section */
		108495059986728AB293F502 /* Frameworks */ = {
			isa = PBXGroup;
			children = (
				969FB14F1B1AB35700439BDC /* FBSDKCoreKit.framework */,
				969FB14D1B1AB32300439BDC /* FBSDKLoginKit.framework */,
				96F0CF781AF136E2004E616D /* CoreLocation.framework */,
				988DEB37F68751845480352C /* Pods.framework */,
			);
			name = Frameworks;
			sourceTree = "<group>";
		};
		4730F9DECD23A478A1E3060B /* Pods */ = {
			isa = PBXGroup;
			children = (
				D653A08C2BE7A9497AF35975 /* Pods.debug.xcconfig */,
				5BD10A0AA37B5DD5EB928422 /* Pods.release.xcconfig */,
			);
			name = Pods;
			sourceTree = "<group>";
		};
		9656AD901AECC62800933A8E = {
			isa = PBXGroup;
			children = (
				9656AD9B1AECC62800933A8E /* benri */,
				9656ADB31AECC62900933A8E /* benriTests */,
				9656AD9A1AECC62800933A8E /* Products */,
				4730F9DECD23A478A1E3060B /* Pods */,
				108495059986728AB293F502 /* Frameworks */,
			);
			sourceTree = "<group>";
		};
		9656AD9A1AECC62800933A8E /* Products */ = {
			isa = PBXGroup;
			children = (
				9656AD991AECC62800933A8E /* adam.app */,
				9656ADB01AECC62900933A8E /* adamTests.xctest */,
			);
			name = Products;
			sourceTree = "<group>";
		};
		9656AD9B1AECC62800933A8E /* benri */ = {
			isa = PBXGroup;
			children = (
				96E377191B35981100229684 /* Localizable.strings */,
				21D741271B21A9A9008A8EB5 /* DiscoverView.xib */,
				96DA5A191AF28AAA0003E506 /* SVAPI */,
				96E3771B1B359C1F00229684 /* Tutorial */,
				96DA5A131AF284A80003E506 /* Menu */,
				96DA5A0A1AF2744F0003E506 /* Lib */,
				9656AD9E1AECC62800933A8E /* AppDelegate.swift */,
				9656ADA01AECC62800933A8E /* FirstViewController.swift */,
				96C24E8F1B244527006C5806 /* SearchViewController.swift */,
				9616799A1B2C72BA00A43AD3 /* LocationSearchViewController.swift */,
				9656ADA21AECC62800933A8E /* SecondViewController.swift */,
				2150F5001B0EFEE200AFDF5E /* ProfileViewController.swift */,
				21D7412B1B21AD36008A8EB5 /* DiscoverViewController.swift */,
				21D741291B21AA4B008A8EB5 /* DiscoverView.swift */,
				964690851B3308D800DB187D /* TutorialViewController.swift */,
				9678676F1B2C9A7F0047C7BB /* SearchCell.swift */,
				9656ADA71AECC62800933A8E /* Images.xcassets */,
				9656ADA41AECC62800933A8E /* Main.storyboard */,
				9656ADA91AECC62800933A8E /* LaunchScreen.xib */,
				9656AD9C1AECC62800933A8E /* Supporting Files */,
				2150F4FB1B0ED81C00AFDF5E /* Bridging-Header.h */,
			);
			path = benri;
			sourceTree = "<group>";
		};
		9656AD9C1AECC62800933A8E /* Supporting Files */ = {
			isa = PBXGroup;
			children = (
				9656AD9D1AECC62800933A8E /* Info.plist */,
			);
			name = "Supporting Files";
			sourceTree = "<group>";
		};
		9656ADB31AECC62900933A8E /* benriTests */ = {
			isa = PBXGroup;
			children = (
				9656ADB61AECC62900933A8E /* benriTests.swift */,
				9656ADB41AECC62900933A8E /* Supporting Files */,
			);
			path = benriTests;
			sourceTree = "<group>";
		};
		9656ADB41AECC62900933A8E /* Supporting Files */ = {
			isa = PBXGroup;
			children = (
				9656ADB51AECC62900933A8E /* Info.plist */,
			);
			name = "Supporting Files";
			sourceTree = "<group>";
		};
		96DA5A0A1AF2744F0003E506 /* Lib */ = {
			isa = PBXGroup;
			children = (
				96DA5A0B1AF274670003E506 /* Const.swift */,
				96DA5A0C1AF274670003E506 /* HorizontalPicker.swift */,
				96DA5A0D1AF274670003E506 /* LocationService.swift */,
				96DA5A0E1AF274670003E506 /* ImageCache.swift */,
				21BF4D161B099714001CDBC3 /* RestaurantCache.swift */,
			);
			name = Lib;
			sourceTree = "<group>";
		};
		96DA5A131AF284A80003E506 /* Menu */ = {
			isa = PBXGroup;
			children = (
				96DA5A141AF284BB0003E506 /* Menu.swift */,
				96DA5A161AF2850E0003E506 /* MenuCell.swift */,
				21577E051B2E875000D4218F /* CurrencyConverter.swift */,
				21577E071B2E87DB00D4218F /* CurrencyList.plist */,
				21AF14881B0601C800108190 /* Restaurant.swift */,
			);
			name = Menu;
			sourceTree = "<group>";
		};
		96DA5A191AF28AAA0003E506 /* SVAPI */ = {
			isa = PBXGroup;
			children = (
				96DA5A1C1AF28AD20003E506 /* MenuServerAPI.swift */,
				21AF14861B05FA0B00108190 /* RestaurantServerAPI.swift */,
				96DA5A1E1AF28AE90003E506 /* TagServerAPI.swift */,
			);
			name = SVAPI;
			sourceTree = "<group>";
		};
		96E3771B1B359C1F00229684 /* Tutorial */ = {
			isa = PBXGroup;
			children = (
				964690891B3392F600DB187D /* PageContentViewController.swift */,
			);
			name = Tutorial;
			sourceTree = "<group>";
		};
/* End PBXGroup section */

/* Begin PBXNativeTarget section */
		9656AD981AECC62800933A8E /* adam */ = {
			isa = PBXNativeTarget;
			buildConfigurationList = 9656ADBA1AECC62900933A8E /* Build configuration list for PBXNativeTarget "adam" */;
			buildPhases = (
				6AEFCD83B2802D834190DA7E /* Check Pods Manifest.lock */,
				9656AD951AECC62800933A8E /* Sources */,
				9656AD961AECC62800933A8E /* Frameworks */,
				9656AD971AECC62800933A8E /* Resources */,
				886CECB5D3ACEAA31BEF4AD7 /* Embed Pods Frameworks */,
				C0040BDD18096926F0799B9C /* Copy Pods Resources */,
			);
			buildRules = (
			);
			dependencies = (
			);
			name = adam;
			productName = benri;
			productReference = 9656AD991AECC62800933A8E /* adam.app */;
			productType = "com.apple.product-type.application";
		};
		9656ADAF1AECC62900933A8E /* adamTests */ = {
			isa = PBXNativeTarget;
			buildConfigurationList = 9656ADBD1AECC62900933A8E /* Build configuration list for PBXNativeTarget "adamTests" */;
			buildPhases = (
				9656ADAC1AECC62900933A8E /* Sources */,
				9656ADAD1AECC62900933A8E /* Frameworks */,
				9656ADAE1AECC62900933A8E /* Resources */,
			);
			buildRules = (
			);
			dependencies = (
				9656ADB21AECC62900933A8E /* PBXTargetDependency */,
			);
			name = adamTests;
			productName = benriTests;
			productReference = 9656ADB01AECC62900933A8E /* adamTests.xctest */;
			productType = "com.apple.product-type.bundle.unit-test";
		};
/* End PBXNativeTarget section */

/* Begin PBXProject section */
		9656AD911AECC62800933A8E /* Project object */ = {
			isa = PBXProject;
			attributes = {
				LastUpgradeCheck = 0630;
				ORGANIZATIONNAME = gobbl;
				TargetAttributes = {
					9656AD981AECC62800933A8E = {
						CreatedOnToolsVersion = 6.3.1;
						DevelopmentTeam = B92W98DN9L;
					};
					9656ADAF1AECC62900933A8E = {
						CreatedOnToolsVersion = 6.3.1;
						TestTargetID = 9656AD981AECC62800933A8E;
					};
				};
			};
			buildConfigurationList = 9656AD941AECC62800933A8E /* Build configuration list for PBXProject "adam" */;
			compatibilityVersion = "Xcode 3.2";
			developmentRegion = English;
			hasScannedForEncodings = 0;
			knownRegions = (
				Base,
				ja,
			);
			mainGroup = 9656AD901AECC62800933A8E;
			productRefGroup = 9656AD9A1AECC62800933A8E /* Products */;
			projectDirPath = "";
			projectRoot = "";
			targets = (
				9656AD981AECC62800933A8E /* adam */,
				9656ADAF1AECC62900933A8E /* adamTests */,
			);
		};
/* End PBXProject section */

/* Begin PBXResourcesBuildPhase section */
		9656AD971AECC62800933A8E /* Resources */ = {
			isa = PBXResourcesBuildPhase;
			buildActionMask = 2147483647;
			files = (
				9656ADA61AECC62800933A8E /* Main.storyboard in Resources */,
				96E377171B35981100229684 /* Localizable.strings in Resources */,
				9656ADAB1AECC62800933A8E /* LaunchScreen.xib in Resources */,
				9656ADA81AECC62800933A8E /* Images.xcassets in Resources */,
				21577E081B2E87DB00D4218F /* CurrencyList.plist in Resources */,
				21D741281B21A9A9008A8EB5 /* DiscoverView.xib in Resources */,
			);
			runOnlyForDeploymentPostprocessing = 0;
		};
		9656ADAE1AECC62900933A8E /* Resources */ = {
			isa = PBXResourcesBuildPhase;
			buildActionMask = 2147483647;
			files = (
			);
			runOnlyForDeploymentPostprocessing = 0;
		};
/* End PBXResourcesBuildPhase section */

/* Begin PBXShellScriptBuildPhase section */
		6AEFCD83B2802D834190DA7E /* Check Pods Manifest.lock */ = {
			isa = PBXShellScriptBuildPhase;
			buildActionMask = 2147483647;
			files = (
			);
			inputPaths = (
			);
			name = "Check Pods Manifest.lock";
			outputPaths = (
			);
			runOnlyForDeploymentPostprocessing = 0;
			shellPath = /bin/sh;
			shellScript = "diff \"${PODS_ROOT}/../Podfile.lock\" \"${PODS_ROOT}/Manifest.lock\" > /dev/null\nif [[ $? != 0 ]] ; then\n    cat << EOM\nerror: The sandbox is not in sync with the Podfile.lock. Run 'pod install' or update your CocoaPods installation.\nEOM\n    exit 1\nfi\n";
			showEnvVarsInLog = 0;
		};
		886CECB5D3ACEAA31BEF4AD7 /* Embed Pods Frameworks */ = {
			isa = PBXShellScriptBuildPhase;
			buildActionMask = 2147483647;
			files = (
			);
			inputPaths = (
			);
			name = "Embed Pods Frameworks";
			outputPaths = (
			);
			runOnlyForDeploymentPostprocessing = 0;
			shellPath = /bin/sh;
			shellScript = "\"${SRCROOT}/Pods/Target Support Files/Pods/Pods-frameworks.sh\"\n";
			showEnvVarsInLog = 0;
		};
		C0040BDD18096926F0799B9C /* Copy Pods Resources */ = {
			isa = PBXShellScriptBuildPhase;
			buildActionMask = 2147483647;
			files = (
			);
			inputPaths = (
			);
			name = "Copy Pods Resources";
			outputPaths = (
			);
			runOnlyForDeploymentPostprocessing = 0;
			shellPath = /bin/sh;
			shellScript = "\"${SRCROOT}/Pods/Target Support Files/Pods/Pods-resources.sh\"\n";
			showEnvVarsInLog = 0;
		};
/* End PBXShellScriptBuildPhase section */

/* Begin PBXSourcesBuildPhase section */
		9656AD951AECC62800933A8E /* Sources */ = {
			isa = PBXSourcesBuildPhase;
			buildActionMask = 2147483647;
			files = (
				964690861B3308D800DB187D /* TutorialViewController.swift in Sources */,
				21AF14891B0601C800108190 /* Restaurant.swift in Sources */,
				967867701B2C9A7F0047C7BB /* SearchCell.swift in Sources */,
				9656ADA31AECC62800933A8E /* SecondViewController.swift in Sources */,
				96DA5A0F1AF274670003E506 /* Const.swift in Sources */,
				21BF4D171B099714001CDBC3 /* RestaurantCache.swift in Sources */,
				96DA5A171AF2850E0003E506 /* MenuCell.swift in Sources */,
				96DA5A151AF284BB0003E506 /* Menu.swift in Sources */,
				9656AD9F1AECC62800933A8E /* AppDelegate.swift in Sources */,
				9646908A1B3392F600DB187D /* PageContentViewController.swift in Sources */,
				21D7412A1B21AA4B008A8EB5 /* DiscoverView.swift in Sources */,
				96DA5A1F1AF28AE90003E506 /* TagServerAPI.swift in Sources */,
				96DA5A101AF274670003E506 /* HorizontalPicker.swift in Sources */,
				96DA5A1D1AF28AD20003E506 /* MenuServerAPI.swift in Sources */,
				21D7412C1B21AD36008A8EB5 /* DiscoverViewController.swift in Sources */,
				96DA5A111AF274670003E506 /* LocationService.swift in Sources */,
				9616799B1B2C72BA00A43AD3 /* LocationSearchViewController.swift in Sources */,
				21577E061B2E875000D4218F /* CurrencyConverter.swift in Sources */,
				96DA5A121AF274670003E506 /* ImageCache.swift in Sources */,
				96C24E901B244527006C5806 /* SearchViewController.swift in Sources */,
				2150F5011B0EFEE200AFDF5E /* ProfileViewController.swift in Sources */,
				21AF14871B05FA0B00108190 /* RestaurantServerAPI.swift in Sources */,
				9656ADA11AECC62800933A8E /* FirstViewController.swift in Sources */,
			);
			runOnlyForDeploymentPostprocessing = 0;
		};
		9656ADAC1AECC62900933A8E /* Sources */ = {
			isa = PBXSourcesBuildPhase;
			buildActionMask = 2147483647;
			files = (
				9656ADB71AECC62900933A8E /* benriTests.swift in Sources */,
			);
			runOnlyForDeploymentPostprocessing = 0;
		};
/* End PBXSourcesBuildPhase section */

/* Begin PBXTargetDependency section */
		9656ADB21AECC62900933A8E /* PBXTargetDependency */ = {
			isa = PBXTargetDependency;
			target = 9656AD981AECC62800933A8E /* adam */;
			targetProxy = 9656ADB11AECC62900933A8E /* PBXContainerItemProxy */;
		};
/* End PBXTargetDependency section */

/* Begin PBXVariantGroup section */
		9656ADA41AECC62800933A8E /* Main.storyboard */ = {
			isa = PBXVariantGroup;
			children = (
				9656ADA51AECC62800933A8E /* Base */,
				96E377111B3597DA00229684 /* en */,
				96E377131B3597E300229684 /* ja */,
			);
			name = Main.storyboard;
			sourceTree = "<group>";
		};
		9656ADA91AECC62800933A8E /* LaunchScreen.xib */ = {
			isa = PBXVariantGroup;
			children = (
				9656ADAA1AECC62800933A8E /* Base */,
				96E377121B3597DA00229684 /* en */,
				96E377141B3597E300229684 /* ja */,
			);
			name = LaunchScreen.xib;
			sourceTree = "<group>";
		};
		96E377191B35981100229684 /* Localizable.strings */ = {
			isa = PBXVariantGroup;
			children = (
				96E377181B35981100229684 /* en */,
				96E3771A1B35981500229684 /* ja */,
			);
			name = Localizable.strings;
			sourceTree = "<group>";
		};
/* End PBXVariantGroup section */

/* Begin XCBuildConfiguration section */
		9656ADB81AECC62900933A8E /* Debug */ = {
			isa = XCBuildConfiguration;
			buildSettings = {
				ALWAYS_SEARCH_USER_PATHS = NO;
				CLANG_CXX_LANGUAGE_STANDARD = "gnu++0x";
				CLANG_CXX_LIBRARY = "libc++";
				CLANG_ENABLE_MODULES = YES;
				CLANG_ENABLE_OBJC_ARC = YES;
				CLANG_WARN_BOOL_CONVERSION = YES;
				CLANG_WARN_CONSTANT_CONVERSION = YES;
				CLANG_WARN_DIRECT_OBJC_ISA_USAGE = YES_ERROR;
				CLANG_WARN_EMPTY_BODY = YES;
				CLANG_WARN_ENUM_CONVERSION = YES;
				CLANG_WARN_INT_CONVERSION = YES;
				CLANG_WARN_OBJC_ROOT_CLASS = YES_ERROR;
				CLANG_WARN_UNREACHABLE_CODE = YES;
				CLANG_WARN__DUPLICATE_METHOD_MATCH = YES;
				"CODE_SIGN_IDENTITY[sdk=iphoneos*]" = "iPhone Developer";
				COPY_PHASE_STRIP = NO;
				DEBUG_INFORMATION_FORMAT = "dwarf-with-dsym";
				ENABLE_STRICT_OBJC_MSGSEND = YES;
				GCC_C_LANGUAGE_STANDARD = gnu99;
				GCC_DYNAMIC_NO_PIC = NO;
				GCC_NO_COMMON_BLOCKS = YES;
				GCC_OPTIMIZATION_LEVEL = 0;
				GCC_PREPROCESSOR_DEFINITIONS = (
					"DEBUG=1",
					"$(inherited)",
				);
				GCC_SYMBOLS_PRIVATE_EXTERN = NO;
				GCC_WARN_64_TO_32_BIT_CONVERSION = YES;
				GCC_WARN_ABOUT_RETURN_TYPE = YES_ERROR;
				GCC_WARN_UNDECLARED_SELECTOR = YES;
				GCC_WARN_UNINITIALIZED_AUTOS = YES_AGGRESSIVE;
				GCC_WARN_UNUSED_FUNCTION = YES;
				GCC_WARN_UNUSED_VARIABLE = YES;
				IPHONEOS_DEPLOYMENT_TARGET = 8.3;
				MTL_ENABLE_DEBUG_INFO = YES;
				ONLY_ACTIVE_ARCH = YES;
				SDKROOT = iphoneos;
				SWIFT_OPTIMIZATION_LEVEL = "-Onone";
				TARGETED_DEVICE_FAMILY = "1,2";
			};
			name = Debug;
		};
		9656ADB91AECC62900933A8E /* Release */ = {
			isa = XCBuildConfiguration;
			buildSettings = {
				ALWAYS_SEARCH_USER_PATHS = NO;
				CLANG_CXX_LANGUAGE_STANDARD = "gnu++0x";
				CLANG_CXX_LIBRARY = "libc++";
				CLANG_ENABLE_MODULES = YES;
				CLANG_ENABLE_OBJC_ARC = YES;
				CLANG_WARN_BOOL_CONVERSION = YES;
				CLANG_WARN_CONSTANT_CONVERSION = YES;
				CLANG_WARN_DIRECT_OBJC_ISA_USAGE = YES_ERROR;
				CLANG_WARN_EMPTY_BODY = YES;
				CLANG_WARN_ENUM_CONVERSION = YES;
				CLANG_WARN_INT_CONVERSION = YES;
				CLANG_WARN_OBJC_ROOT_CLASS = YES_ERROR;
				CLANG_WARN_UNREACHABLE_CODE = YES;
				CLANG_WARN__DUPLICATE_METHOD_MATCH = YES;
				"CODE_SIGN_IDENTITY[sdk=iphoneos*]" = "iPhone Developer";
				COPY_PHASE_STRIP = NO;
				DEBUG_INFORMATION_FORMAT = "dwarf-with-dsym";
				ENABLE_NS_ASSERTIONS = NO;
				ENABLE_STRICT_OBJC_MSGSEND = YES;
				GCC_C_LANGUAGE_STANDARD = gnu99;
				GCC_NO_COMMON_BLOCKS = YES;
				GCC_WARN_64_TO_32_BIT_CONVERSION = YES;
				GCC_WARN_ABOUT_RETURN_TYPE = YES_ERROR;
				GCC_WARN_UNDECLARED_SELECTOR = YES;
				GCC_WARN_UNINITIALIZED_AUTOS = YES_AGGRESSIVE;
				GCC_WARN_UNUSED_FUNCTION = YES;
				GCC_WARN_UNUSED_VARIABLE = YES;
				IPHONEOS_DEPLOYMENT_TARGET = 8.3;
				MTL_ENABLE_DEBUG_INFO = NO;
				SDKROOT = iphoneos;
				TARGETED_DEVICE_FAMILY = "1,2";
				VALIDATE_PRODUCT = YES;
			};
			name = Release;
		};
		9656ADBB1AECC62900933A8E /* Debug */ = {
			isa = XCBuildConfiguration;
			baseConfigurationReference = D653A08C2BE7A9497AF35975 /* Pods.debug.xcconfig */;
			buildSettings = {
				ASSETCATALOG_COMPILER_APPICON_NAME = AppIcon;
				ASSETCATALOG_COMPILER_LAUNCHIMAGE_NAME = LaunchImage;
				CODE_SIGN_IDENTITY = "iPhone Developer";
				FRAMEWORK_SEARCH_PATHS = (
					"$(inherited)",
					"/Users/ariyasuk-k/Documents/FacebookSDK",
					"$(PROJECT_DIR)",
				);
				INFOPLIST_FILE = benri/Info.plist;
				IPHONEOS_DEPLOYMENT_TARGET = 8.0;
				LD_RUNPATH_SEARCH_PATHS = "$(inherited) @executable_path/Frameworks";
				PRODUCT_NAME = adam;
				SWIFT_OBJC_BRIDGING_HEADER = "benri/Bridging-Header.h";
			};
			name = Debug;
		};
		9656ADBC1AECC62900933A8E /* Release */ = {
			isa = XCBuildConfiguration;
			baseConfigurationReference = 5BD10A0AA37B5DD5EB928422 /* Pods.release.xcconfig */;
			buildSettings = {
				ASSETCATALOG_COMPILER_APPICON_NAME = AppIcon;
				ASSETCATALOG_COMPILER_LAUNCHIMAGE_NAME = LaunchImage;
				CODE_SIGN_IDENTITY = "iPhone Developer";
				FRAMEWORK_SEARCH_PATHS = (
					"$(inherited)",
					"/Users/ariyasuk-k/Documents/FacebookSDK",
					"$(PROJECT_DIR)",
				);
				INFOPLIST_FILE = benri/Info.plist;
				IPHONEOS_DEPLOYMENT_TARGET = 8.0;
				LD_RUNPATH_SEARCH_PATHS = "$(inherited) @executable_path/Frameworks";
				PRODUCT_NAME = adam;
				SWIFT_OBJC_BRIDGING_HEADER = "benri/Bridging-Header.h";
			};
			name = Release;
		};
		9656ADBE1AECC62900933A8E /* Debug */ = {
			isa = XCBuildConfiguration;
			buildSettings = {
				BUNDLE_LOADER = "$(TEST_HOST)";
				FRAMEWORK_SEARCH_PATHS = (
					"$(SDKROOT)/Developer/Library/Frameworks",
					"$(inherited)",
				);
				GCC_PREPROCESSOR_DEFINITIONS = (
					"DEBUG=1",
					"$(inherited)",
				);
				INFOPLIST_FILE = benriTests/Info.plist;
				LD_RUNPATH_SEARCH_PATHS = "$(inherited) @executable_path/Frameworks @loader_path/Frameworks";
				PRODUCT_NAME = adamTests;
				TEST_HOST = "$(BUILT_PRODUCTS_DIR)/adam.app/adam";
			};
			name = Debug;
		};
		9656ADBF1AECC62900933A8E /* Release */ = {
			isa = XCBuildConfiguration;
			buildSettings = {
				BUNDLE_LOADER = "$(TEST_HOST)";
				FRAMEWORK_SEARCH_PATHS = (
					"$(SDKROOT)/Developer/Library/Frameworks",
					"$(inherited)",
				);
				INFOPLIST_FILE = benriTests/Info.plist;
				LD_RUNPATH_SEARCH_PATHS = "$(inherited) @executable_path/Frameworks @loader_path/Frameworks";
				PRODUCT_NAME = adamTests;
				TEST_HOST = "$(BUILT_PRODUCTS_DIR)/adam.app/adam";
			};
			name = Release;
		};
/* End XCBuildConfiguration section */

/* Begin XCConfigurationList section */
		9656AD941AECC62800933A8E /* Build configuration list for PBXProject "adam" */ = {
			isa = XCConfigurationList;
			buildConfigurations = (
				9656ADB81AECC62900933A8E /* Debug */,
				9656ADB91AECC62900933A8E /* Release */,
			);
			defaultConfigurationIsVisible = 0;
			defaultConfigurationName = Release;
		};
		9656ADBA1AECC62900933A8E /* Build configuration list for PBXNativeTarget "adam" */ = {
			isa = XCConfigurationList;
			buildConfigurations = (
				9656ADBB1AECC62900933A8E /* Debug */,
				9656ADBC1AECC62900933A8E /* Release */,
			);
			defaultConfigurationIsVisible = 0;
			defaultConfigurationName = Release;
		};
		9656ADBD1AECC62900933A8E /* Build configuration list for PBXNativeTarget "adamTests" */ = {
			isa = XCConfigurationList;
			buildConfigurations = (
				9656ADBE1AECC62900933A8E /* Debug */,
				9656ADBF1AECC62900933A8E /* Release */,
			);
			defaultConfigurationIsVisible = 0;
			defaultConfigurationName = Release;
		};
/* End XCConfigurationList section */
	};
	rootObject = 9656AD911AECC62800933A8E /* Project object */;
}
